
Microsoft Visual Studio Solution File, Format Version 12.00
# Visual Studio Version 17
VisualStudioVersion = 17.0.31912.275
MinimumVisualStudioVersion = 10.0.40219.1
Project("{FAE04EC0-301F-11D3-BF4B-00C04F79EFBC}") = "DesktopClient", "DesktopClient\DesktopClient.csproj", "{2695CC36-2CEF-4749-8989-8A38CEC64217}"
EndProject
Project("{9A19103F-16F7-4668-BE54-9A1E7A4F7556}") = "Shop.DAL", "Shop.DAL\Shop.DAL.csproj", "{DD7FC4A4-32EE-4130-8718-B22AB1588214}"
EndProject
Project("{FAE04EC0-301F-11D3-BF4B-00C04F79EFBC}") = "Shop", "Shop\Shop.csproj", "{ABA723CE-FAB4-4366-8E6C-8B12BFC14798}"
EndProject
Project("{FAE04EC0-301F-11D3-BF4B-00C04F79EFBC}") = "Shop.BLL", "Shop.BLL\Shop.BLL.csproj", "{E8B0CACB-65B4-4212-8C88-8D49911A6E66}"
EndProject
Global
	GlobalSection(SolutionConfigurationPlatforms) = preSolution
		Debug|Any CPU = Debug|Any CPU
		Debug|ARM = Debug|ARM
		Debug|arm64 = Debug|arm64
		Debug|x64 = Debug|x64
		Debug|x86 = Debug|x86
		Release|Any CPU = Release|Any CPU
		Release|ARM = Release|ARM
		Release|arm64 = Release|arm64
		Release|x64 = Release|x64
		Release|x86 = Release|x86
	EndGlobalSection
	GlobalSection(ProjectConfigurationPlatforms) = postSolution
		{2695CC36-2CEF-4749-8989-8A38CEC64217}.Debug|Any CPU.ActiveCfg = Debug|x64
		{2695CC36-2CEF-4749-8989-8A38CEC64217}.Debug|Any CPU.Build.0 = Debug|x64
		{2695CC36-2CEF-4749-8989-8A38CEC64217}.Debug|Any CPU.Deploy.0 = Debug|x64
		{2695CC36-2CEF-4749-8989-8A38CEC64217}.Debug|ARM.ActiveCfg = Debug|ARM
		{2695CC36-2CEF-4749-8989-8A38CEC64217}.Debug|ARM.Build.0 = Debug|ARM
		{2695CC36-2CEF-4749-8989-8A38CEC64217}.Debug|ARM.Deploy.0 = Debug|ARM
		{2695CC36-2CEF-4749-8989-8A38CEC64217}.Debug|arm64.ActiveCfg = Debug|ARM64
		{2695CC36-2CEF-4749-8989-8A38CEC64217}.Debug|arm64.Build.0 = Debug|ARM64
		{2695CC36-2CEF-4749-8989-8A38CEC64217}.Debug|arm64.Deploy.0 = Debug|ARM64
		{2695CC36-2CEF-4749-8989-8A38CEC64217}.Debug|x64.ActiveCfg = Debug|x64
		{2695CC36-2CEF-4749-8989-8A38CEC64217}.Debug|x64.Build.0 = Debug|x64
		{2695CC36-2CEF-4749-8989-8A38CEC64217}.Debug|x64.Deploy.0 = Debug|x64
		{2695CC36-2CEF-4749-8989-8A38CEC64217}.Debug|x86.ActiveCfg = Debug|x86
		{2695CC36-2CEF-4749-8989-8A38CEC64217}.Debug|x86.Build.0 = Debug|x86
		{2695CC36-2CEF-4749-8989-8A38CEC64217}.Debug|x86.Deploy.0 = Debug|x86
		{2695CC36-2CEF-4749-8989-8A38CEC64217}.Release|Any CPU.ActiveCfg = Release|x64
		{2695CC36-2CEF-4749-8989-8A38CEC64217}.Release|Any CPU.Build.0 = Release|x64
		{2695CC36-2CEF-4749-8989-8A38CEC64217}.Release|Any CPU.Deploy.0 = Release|x64
		{2695CC36-2CEF-4749-8989-8A38CEC64217}.Release|ARM.ActiveCfg = Release|ARM
		{2695CC36-2CEF-4749-8989-8A38CEC64217}.Release|ARM.Build.0 = Release|ARM
		{2695CC36-2CEF-4749-8989-8A38CEC64217}.Release|ARM.Deploy.0 = Release|ARM
		{2695CC36-2CEF-4749-8989-8A38CEC64217}.Release|arm64.ActiveCfg = Release|ARM64
		{2695CC36-2CEF-4749-8989-8A38CEC64217}.Release|arm64.Build.0 = Release|ARM64
		{2695CC36-2CEF-4749-8989-8A38CEC64217}.Release|arm64.Deploy.0 = Release|ARM64
		{2695CC36-2CEF-4749-8989-8A38CEC64217}.Release|x64.ActiveCfg = Release|x64
		{2695CC36-2CEF-4749-8989-8A38CEC64217}.Release|x64.Build.0 = Release|x64
		{2695CC36-2CEF-4749-8989-8A38CEC64217}.Release|x64.Deploy.0 = Release|x64
		{2695CC36-2CEF-4749-8989-8A38CEC64217}.Release|x86.ActiveCfg = Release|x86
		{2695CC36-2CEF-4749-8989-8A38CEC64217}.Release|x86.Build.0 = Release|x86
		{2695CC36-2CEF-4749-8989-8A38CEC64217}.Release|x86.Deploy.0 = Release|x86
		{DD7FC4A4-32EE-4130-8718-B22AB1588214}.Debug|Any CPU.ActiveCfg = Debug|Any CPU
		{DD7FC4A4-32EE-4130-8718-B22AB1588214}.Debug|Any CPU.Build.0 = Debug|Any CPU
		{DD7FC4A4-32EE-4130-8718-B22AB1588214}.Debug|ARM.ActiveCfg = Debug|Any CPU
		{DD7FC4A4-32EE-4130-8718-B22AB1588214}.Debug|ARM.Build.0 = Debug|Any CPU
		{DD7FC4A4-32EE-4130-8718-B22AB1588214}.Debug|arm64.ActiveCfg = Debug|Any CPU
		{DD7FC4A4-32EE-4130-8718-B22AB1588214}.Debug|arm64.Build.0 = Debug|Any CPU
		{DD7FC4A4-32EE-4130-8718-B22AB1588214}.Debug|x64.ActiveCfg = Debug|Any CPU
		{DD7FC4A4-32EE-4130-8718-B22AB1588214}.Debug|x64.Build.0 = Debug|Any CPU
		{DD7FC4A4-32EE-4130-8718-B22AB1588214}.Debug|x86.ActiveCfg = Debug|Any CPU
		{DD7FC4A4-32EE-4130-8718-B22AB1588214}.Debug|x86.Build.0 = Debug|Any CPU
		{DD7FC4A4-32EE-4130-8718-B22AB1588214}.Release|Any CPU.ActiveCfg = Release|Any CPU
		{DD7FC4A4-32EE-4130-8718-B22AB1588214}.Release|Any CPU.Build.0 = Release|Any CPU
		{DD7FC4A4-32EE-4130-8718-B22AB1588214}.Release|ARM.ActiveCfg = Release|Any CPU
		{DD7FC4A4-32EE-4130-8718-B22AB1588214}.Release|ARM.Build.0 = Release|Any CPU
		{DD7FC4A4-32EE-4130-8718-B22AB1588214}.Release|arm64.ActiveCfg = Release|Any CPU
		{DD7FC4A4-32EE-4130-8718-B22AB1588214}.Release|arm64.Build.0 = Release|Any CPU
		{DD7FC4A4-32EE-4130-8718-B22AB1588214}.Release|x64.ActiveCfg = Release|Any CPU
		{DD7FC4A4-32EE-4130-8718-B22AB1588214}.Release|x64.Build.0 = Release|Any CPU
		{DD7FC4A4-32EE-4130-8718-B22AB1588214}.Release|x86.ActiveCfg = Release|Any CPU
		{DD7FC4A4-32EE-4130-8718-B22AB1588214}.Release|x86.Build.0 = Release|Any CPU
		{ABA723CE-FAB4-4366-8E6C-8B12BFC14798}.Debug|Any CPU.ActiveCfg = Debug|Any CPU
		{ABA723CE-FAB4-4366-8E6C-8B12BFC14798}.Debug|Any CPU.Build.0 = Debug|Any CPU
		{ABA723CE-FAB4-4366-8E6C-8B12BFC14798}.Debug|ARM.ActiveCfg = Debug|Any CPU
		{ABA723CE-FAB4-4366-8E6C-8B12BFC14798}.Debug|ARM.Build.0 = Debug|Any CPU
		{ABA723CE-FAB4-4366-8E6C-8B12BFC14798}.Debug|arm64.ActiveCfg = Debug|Any CPU
		{ABA723CE-FAB4-4366-8E6C-8B12BFC14798}.Debug|arm64.Build.0 = Debug|Any CPU
		{ABA723CE-FAB4-4366-8E6C-8B12BFC14798}.Debug|x64.ActiveCfg = Debug|Any CPU
		{ABA723CE-FAB4-4366-8E6C-8B12BFC14798}.Debug|x64.Build.0 = Debug|Any CPU
		{ABA723CE-FAB4-4366-8E6C-8B12BFC14798}.Debug|x86.ActiveCfg = Debug|Any CPU
		{ABA723CE-FAB4-4366-8E6C-8B12BFC14798}.Debug|x86.Build.0 = Debug|Any CPU
		{ABA723CE-FAB4-4366-8E6C-8B12BFC14798}.Release|Any CPU.ActiveCfg = Release|Any CPU
		{ABA723CE-FAB4-4366-8E6C-8B12BFC14798}.Release|Any CPU.Build.0 = Release|Any CPU
		{ABA723CE-FAB4-4366-8E6C-8B12BFC14798}.Release|ARM.ActiveCfg = Release|Any CPU
		{ABA723CE-FAB4-4366-8E6C-8B12BFC14798}.Release|ARM.Build.0 = Release|Any CPU
		{ABA723CE-FAB4-4366-8E6C-8B12BFC14798}.Release|arm64.ActiveCfg = Release|Any CPU
		{ABA723CE-FAB4-4366-8E6C-8B12BFC14798}.Release|arm64.Build.0 = Release|Any CPU
		{ABA723CE-FAB4-4366-8E6C-8B12BFC14798}.Release|x64.ActiveCfg = Release|Any CPU
		{ABA723CE-FAB4-4366-8E6C-8B12BFC14798}.Release|x64.Build.0 = Release|Any CPU
		{ABA723CE-FAB4-4366-8E6C-8B12BFC14798}.Release|x86.ActiveCfg = Release|Any CPU
		{ABA723CE-FAB4-4366-8E6C-8B12BFC14798}.Release|x86.Build.0 = Release|Any CPU
		{E8B0CACB-65B4-4212-8C88-8D49911A6E66}.Debug|Any CPU.ActiveCfg = Debug|Any CPU
		{E8B0CACB-65B4-4212-8C88-8D49911A6E66}.Debug|Any CPU.Build.0 = Debug|Any CPU
		{E8B0CACB-65B4-4212-8C88-8D49911A6E66}.Debug|ARM.ActiveCfg = Debug|Any CPU
		{E8B0CACB-65B4-4212-8C88-8D49911A6E66}.Debug|ARM.Build.0 = Debug|Any CPU
		{E8B0CACB-65B4-4212-8C88-8D49911A6E66}.Debug|arm64.ActiveCfg = Debug|Any CPU
		{E8B0CACB-65B4-4212-8C88-8D49911A6E66}.Debug|arm64.Build.0 = Debug|Any CPU
		{E8B0CACB-65B4-4212-8C88-8D49911A6E66}.Debug|x64.ActiveCfg = Debug|Any CPU
		{E8B0CACB-65B4-4212-8C88-8D49911A6E66}.Debug|x64.Build.0 = Debug|Any CPU
		{E8B0CACB-65B4-4212-8C88-8D49911A6E66}.Debug|x86.ActiveCfg = Debug|Any CPU
		{E8B0CACB-65B4-4212-8C88-8D49911A6E66}.Debug|x86.Build.0 = Debug|Any CPU
		{E8B0CACB-65B4-4212-8C88-8D49911A6E66}.Release|Any CPU.ActiveCfg = Release|Any CPU
		{E8B0CACB-65B4-4212-8C88-8D49911A6E66}.Release|Any CPU.Build.0 = Release|Any CPU
		{E8B0CACB-65B4-4212-8C88-8D49911A6E66}.Release|ARM.ActiveCfg = Release|Any CPU
		{E8B0CACB-65B4-4212-8C88-8D49911A6E66}.Release|ARM.Build.0 = Release|Any CPU
		{E8B0CACB-65B4-4212-8C88-8D49911A6E66}.Release|arm64.ActiveCfg = Release|Any CPU
		{E8B0CACB-65B4-4212-8C88-8D49911A6E66}.Release|arm64.Build.0 = Release|Any CPU
		{E8B0CACB-65B4-4212-8C88-8D49911A6E66}.Release|x64.ActiveCfg = Release|Any CPU
		{E8B0CACB-65B4-4212-8C88-8D49911A6E66}.Release|x64.Build.0 = Release|Any CPU
		{E8B0CACB-65B4-4212-8C88-8D49911A6E66}.Release|x86.ActiveCfg = Release|Any CPU
		{E8B0CACB-65B4-4212-8C88-8D49911A6E66}.Release|x86.Build.0 = Release|Any CPU
	EndGlobalSection
	GlobalSection(SolutionProperties) = preSolution
		HideSolutionNode = FALSE
	EndGlobalSection
	GlobalSection(ExtensibilityGlobals) = postSolution
		SolutionGuid = {EAD0CA15-635A-4300-B743-1489BF8F74E9}
	EndGlobalSection
EndGlobal
